// !$*UTF8*$!
{
	archiveVersion = 1;
	classes = {
	};
	objectVersion = 50;
	objects = {

/* Begin PBXBuildFile section */
		8F1A8E9220F8643A000DF4B4 /* AppDelegate.swift in Sources */ = {isa = PBXBuildFile; fileRef = 8F1A8E9120F8643A000DF4B4 /* AppDelegate.swift */; };
		8F1A8E9420F8643A000DF4B4 /* RegisterViewController.swift in Sources */ = {isa = PBXBuildFile; fileRef = 8F1A8E9320F8643A000DF4B4 /* RegisterViewController.swift */; };
		8F1A8E9720F8643A000DF4B4 /* Main.storyboard in Resources */ = {isa = PBXBuildFile; fileRef = 8F1A8E9520F8643A000DF4B4 /* Main.storyboard */; };
		8F1A8E9920F8643B000DF4B4 /* Assets.xcassets in Resources */ = {isa = PBXBuildFile; fileRef = 8F1A8E9820F8643B000DF4B4 /* Assets.xcassets */; };
		8F1A8E9C20F8643B000DF4B4 /* LaunchScreen.storyboard in Resources */ = {isa = PBXBuildFile; fileRef = 8F1A8E9A20F8643B000DF4B4 /* LaunchScreen.storyboard */; };
		8F1A8EA420F882D5000DF4B4 /* UserInfoViewController.swift in Sources */ = {isa = PBXBuildFile; fileRef = 8F1A8EA320F882D5000DF4B4 /* UserInfoViewController.swift */; };
		8F1A8EA620F887F5000DF4B4 /* RegisterPresenter.swift in Sources */ = {isa = PBXBuildFile; fileRef = 8F1A8EA520F887F5000DF4B4 /* RegisterPresenter.swift */; };
		8F1A8EA820F88947000DF4B4 /* UserInfoPresenter.swift in Sources */ = {isa = PBXBuildFile; fileRef = 8F1A8EA720F88947000DF4B4 /* UserInfoPresenter.swift */; };
		8FDBA39121005FEF002B033E /* UserDataModel.swift in Sources */ = {isa = PBXBuildFile; fileRef = 8FDBA39021005FEF002B033E /* UserDataModel.swift */; };
/* End PBXBuildFile section */

/* Begin PBXFileReference section */
		8F1A8E8E20F8643A000DF4B4 /* Test3.app */ = {isa = PBXFileReference; explicitFileType = wrapper.application; includeInIndex = 0; path = Test3.app; sourceTree = BUILT_PRODUCTS_DIR; };
		8F1A8E9120F8643A000DF4B4 /* AppDelegate.swift */ = {isa = PBXFileReference; lastKnownFileType = sourcecode.swift; path = AppDelegate.swift; sourceTree = "<group>"; };
		8F1A8E9320F8643A000DF4B4 /* RegisterViewController.swift */ = {isa = PBXFileReference; lastKnownFileType = sourcecode.swift; path = RegisterViewController.swift; sourceTree = "<group>"; };
		8F1A8E9620F8643A000DF4B4 /* Base */ = {isa = PBXFileReference; lastKnownFileType = file.storyboard; name = Base; path = Base.lproj/Main.storyboard; sourceTree = "<group>"; };
		8F1A8E9820F8643B000DF4B4 /* Assets.xcassets */ = {isa = PBXFileReference; lastKnownFileType = folder.assetcatalog; path = Assets.xcassets; sourceTree = "<group>"; };
		8F1A8E9B20F8643B000DF4B4 /* Base */ = {isa = PBXFileReference; lastKnownFileType = file.storyboard; name = Base; path = Base.lproj/LaunchScreen.storyboard; sourceTree = "<group>"; };
		8F1A8E9D20F8643B000DF4B4 /* Info.plist */ = {isa = PBXFileReference; lastKnownFileType = text.plist.xml; path = Info.plist; sourceTree = "<group>"; };
		8F1A8EA320F882D5000DF4B4 /* UserInfoViewController.swift */ = {isa = PBXFileReference; lastKnownFileType = sourcecode.swift; path = UserInfoViewController.swift; sourceTree = "<group>"; };
		8F1A8EA520F887F5000DF4B4 /* RegisterPresenter.swift */ = {isa = PBXFileReference; lastKnownFileType = sourcecode.swift; path = RegisterPresenter.swift; sourceTree = "<group>"; };
		8F1A8EA720F88947000DF4B4 /* UserInfoPresenter.swift */ = {isa = PBXFileReference; lastKnownFileType = sourcecode.swift; path = UserInfoPresenter.swift; sourceTree = "<group>"; };
		8FDBA39021005FEF002B033E /* UserDataModel.swift */ = {isa = PBXFileReference; lastKnownFileType = sourcecode.swift; path = UserDataModel.swift; sourceTree = "<group>"; };
/* End PBXFileReference section */

/* Begin PBXFrameworksBuildPhase section */
		8F1A8E8B20F86439000DF4B4 /* Frameworks */ = {
			isa = PBXFrameworksBuildPhase;
			buildActionMask = 2147483647;
			files = (
			);
			runOnlyForDeploymentPostprocessing = 0;
		};
/* End PBXFrameworksBuildPhase section */

/* Begin PBXGroup section */
		8F1A8E8520F86439000DF4B4 = {
			isa = PBXGroup;
			children = (
				8F1A8E9020F8643A000DF4B4 /* Test3 */,
				8F1A8E8F20F8643A000DF4B4 /* Products */,
			);
			sourceTree = "<group>";
		};
		8F1A8E8F20F8643A000DF4B4 /* Products */ = {
			isa = PBXGroup;
			children = (
				8F1A8E8E20F8643A000DF4B4 /* Test3.app */,
			);
			name = Products;
			sourceTree = "<group>";
		};
		8F1A8E9020F8643A000DF4B4 /* Test3 */ = {
			isa = PBXGroup;
			children = (
				8FDBA38D21005F4C002B033E /* Model */,
				8FDBA38E21005F58002B033E /* View */,
				8FDBA38F21005F60002B033E /* Presenter */,
				8F1A8E9120F8643A000DF4B4 /* AppDelegate.swift */,
				8F1A8E9520F8643A000DF4B4 /* Main.storyboard */,
				8F1A8E9820F8643B000DF4B4 /* Assets.xcassets */,
				8F1A8E9A20F8643B000DF4B4 /* LaunchScreen.storyboard */,
				8F1A8E9D20F8643B000DF4B4 /* Info.plist */,
			);
			path = Test3;
			sourceTree = "<group>";
		};
		8FDBA38D21005F4C002B033E /* Model */ = {
			isa = PBXGroup;
			children = (
				8FDBA39021005FEF002B033E /* UserDataModel.swift */,
			);
			path = Model;
			sourceTree = "<group>";
		};
		8FDBA38E21005F58002B033E /* View */ = {
			isa = PBXGroup;
			children = (
				8F1A8EA320F882D5000DF4B4 /* UserInfoViewController.swift */,
				8F1A8E9320F8643A000DF4B4 /* RegisterViewController.swift */,
			);
			path = View;
			sourceTree = "<group>";
		};
		8FDBA38F21005F60002B033E /* Presenter */ = {
			isa = PBXGroup;
			children = (
				8F1A8EA720F88947000DF4B4 /* UserInfoPresenter.swift */,
				8F1A8EA520F887F5000DF4B4 /* RegisterPresenter.swift */,
			);
			path = Presenter;
			sourceTree = "<group>";
		};
/* End PBXGroup section */

/* Begin PBXNativeTarget section */
		8F1A8E8D20F86439000DF4B4 /* Test3 */ = {
			isa = PBXNativeTarget;
			buildConfigurationList = 8F1A8EA020F8643B000DF4B4 /* Build configuration list for PBXNativeTarget "Test3" */;
			buildPhases = (
				8F1A8E8A20F86439000DF4B4 /* Sources */,
				8F1A8E8B20F86439000DF4B4 /* Frameworks */,
				8F1A8E8C20F86439000DF4B4 /* Resources */,
			);
			buildRules = (
			);
			dependencies = (
			);
			name = Test3;
			productName = Test3;
			productReference = 8F1A8E8E20F8643A000DF4B4 /* Test3.app */;
			productType = "com.apple.product-type.application";
		};
/* End PBXNativeTarget section */

/* Begin PBXProject section */
		8F1A8E8620F86439000DF4B4 /* Project object */ = {
			isa = PBXProject;
			attributes = {
				LastSwiftUpdateCheck = 0940;
				LastUpgradeCheck = 0940;
				ORGANIZATIONNAME = "Maria Xina Rae Torres";
				TargetAttributes = {
					8F1A8E8D20F86439000DF4B4 = {
						CreatedOnToolsVersion = 9.4.1;
					};
				};
			};
			buildConfigurationList = 8F1A8E8920F86439000DF4B4 /* Build configuration list for PBXProject "Test3" */;
			compatibilityVersion = "Xcode 9.3";
			developmentRegion = en;
			hasScannedForEncodings = 0;
			knownRegions = (
				en,
				Base,
			);
			mainGroup = 8F1A8E8520F86439000DF4B4;
			productRefGroup = 8F1A8E8F20F8643A000DF4B4 /* Products */;
			projectDirPath = "";
			projectRoot = "";
			targets = (
				8F1A8E8D20F86439000DF4B4 /* Test3 */,
			);
		};
/* End PBXProject section */

/* Begin PBXResourcesBuildPhase section */
		8F1A8E8C20F86439000DF4B4 /* Resources */ = {
			isa = PBXResourcesBuildPhase;
			buildActionMask = 2147483647;
			files = (
				8F1A8E9C20F8643B000DF4B4 /* LaunchScreen.storyboard in Resources */,
				8F1A8E9920F8643B000DF4B4 /* Assets.xcassets in Resources */,
				8F1A8E9720F8643A000DF4B4 /* Main.storyboard in Resources */,
			);
			runOnlyForDeploymentPostprocessing = 0;
		};
/* End PBXResourcesBuildPhase section */

/* Begin PBXSourcesBuildPhase section */
		8F1A8E8A20F86439000DF4B4 /* Sources */ = {
			isa = PBXSourcesBuildPhase;
			buildActionMask = 2147483647;
			files = (
				8FDBA39121005FEF002B033E /* UserDataModel.swift in Sources */,
				8F1A8E9420F8643A000DF4B4 /* RegisterViewController.swift in Sources */,
				8F1A8EA820F88947000DF4B4 /* UserInfoPresenter.swift in Sources */,
				8F1A8EA420F882D5000DF4B4 /* UserInfoViewController.swift in Sources */,
				8F1A8E9220F8643A000DF4B4 /* AppDelegate.swift in Sources */,
				8F1A8EA620F887F5000DF4B4 /* RegisterPresenter.swift in Sources */,
			);
			runOnlyForDeploymentPostprocessing = 0;
		};
/* End PBXSourcesBuildPhase section */

/* Begin PBXVariantGroup section */
		8F1A8E9520F8643A000DF4B4 /* Main.storyboard */ = {
			isa = PBXVariantGroup;
			children = (
				8F1A8E9620F8643A000DF4B4 /* Base */,
			);
			name = Main.storyboard;
			sourceTree = "<group>";
		};
		8F1A8E9A20F8643B000DF4B4 /* LaunchScreen.storyboard */ = {
			isa = PBXVariantGroup;
			children = (
				8F1A8E9B20F8643B000DF4B4 /* Base */,
			);
			name = LaunchScreen.storyboard;
			sourceTree = "<group>";
		};
/* End PBXVariantGroup section */

/* Begin XCBuildConfiguration section */
		8F1A8E9E20F8643B000DF4B4 /* Debug */ = {
			isa = XCBuildConfiguration;
			buildSettings = {
				ALWAYS_SEARCH_USER_PATHS = NO;
				CLANG_ANALYZER_NONNULL = YES;
				CLANG_ANALYZER_NUMBER_OBJECT_CONVERSION = YES_AGGRESSIVE;
				CLANG_CXX_LANGUAGE_STANDARD = "gnu++14";
				CLANG_CXX_LIBRARY = "libc++";
				CLANG_ENABLE_MODULES = YES;
				CLANG_ENABLE_OBJC_ARC = YES;
				CLANG_ENABLE_OBJC_WEAK = YES;
				CLANG_WARN_BLOCK_CAPTURE_AUTORELEASING = YES;
				CLANG_WARN_BOOL_CONVERSION = YES;
				CLANG_WARN_COMMA = YES;
				CLANG_WARN_CONSTANT_CONVERSION = YES;
				CLANG_WARN_DEPRECATED_OBJC_IMPLEMENTATIONS = YES;
				CLANG_WARN_DIRECT_OBJC_ISA_USAGE = YES_ERROR;
				CLANG_WARN_DOCUMENTATION_COMMENTS = YES;
				CLANG_WARN_EMPTY_BODY = YES;
				CLANG_WARN_ENUM_CONVERSION = YES;
				CLANG_WARN_INFINITE_RECURSION = YES;
				CLANG_WARN_INT_CONVERSION = YES;
				CLANG_WARN_NON_LITERAL_NULL_CONVERSION = YES;
				CLANG_WARN_OBJC_IMPLICIT_RETAIN_SELF = YES;
				CLANG_WARN_OBJC_LITERAL_CONVERSION = YES;
				CLANG_WARN_OBJC_ROOT_CLASS = YES_ERROR;
				CLANG_WARN_RANGE_LOOP_ANALYSIS = YES;
				CLANG_WARN_STRICT_PROTOTYPES = YES;
				CLANG_WARN_SUSPICIOUS_MOVE = YES;
				CLANG_WARN_UNGUARDED_AVAILABILITY = YES_AGGRESSIVE;
				CLANG_WARN_UNREACHABLE_CODE = YES;
				CLANG_WARN__DUPLICATE_METHOD_MATCH = YES;
				CODE_SIGN_IDENTITY = "iPhone Developer";
				COPY_PHASE_STRIP = NO;
				DEBUG_INFORMATION_FORMAT = dwarf;
				ENABLE_STRICT_OBJC_MSGSEND = YES;
				ENABLE_TESTABILITY = YES;
				GCC_C_LANGUAGE_STANDARD = gnu11;
				GCC_DYNAMIC_NO_PIC = NO;
				GCC_NO_COMMON_BLOCKS = YES;
				GCC_OPTIMIZATION_LEVEL = 0;
				GCC_PREPROCESSOR_DEFINITIONS = (
					"DEBUG=1",
					"$(inherited)",
				);
				GCC_WARN_64_TO_32_BIT_CONVERSION = YES;
				GCC_WARN_ABOUT_RETURN_TYPE = YES_ERROR;
				GCC_WARN_UNDECLARED_SELECTOR = YES;
				GCC_WARN_UNINITIALIZED_AUTOS = YES_AGGRESSIVE;
				GCC_WARN_UNUSED_FUNCTION = YES;
				GCC_WARN_UNUSED_VARIABLE = YES;
				IPHONEOS_DEPLOYMENT_TARGET = 11.4;
				MTL_ENABLE_DEBUG_INFO = YES;
				ONLY_ACTIVE_ARCH = YES;
				SDKROOT = iphoneos;
				SWIFT_ACTIVE_COMPILATION_CONDITIONS = DEBUG;
				SWIFT_OPTIMIZATION_LEVEL = "-Onone";
			};
			name = Debug;
		};
		8F1A8E9F20F8643B000DF4B4 /* Release */ = {
			isa = XCBuildConfiguration;
			buildSettings = {
				ALWAYS_SEARCH_USER_PATHS = NO;
				CLANG_ANALYZER_NONNULL = YES;
				CLANG_ANALYZER_NUMBER_OBJECT_CONVERSION = YES_AGGRESSIVE;
				CLANG_CXX_LANGUAGE_STANDARD = "gnu++14";
				CLANG_CXX_LIBRARY = "libc++";
				CLANG_ENABLE_MODULES = YES;
				CLANG_ENABLE_OBJC_ARC = YES;
				CLANG_ENABLE_OBJC_WEAK = YES;
				CLANG_WARN_BLOCK_CAPTURE_AUTORELEASING = YES;
				CLANG_WARN_BOOL_CONVERSION = YES;
				CLANG_WARN_COMMA = YES;
				CLANG_WARN_CONSTANT_CONVERSION = YES;
				CLANG_WARN_DEPRECATED_OBJC_IMPLEMENTATIONS = YES;
				CLANG_WARN_DIRECT_OBJC_ISA_USAGE = YES_ERROR;
				CLANG_WARN_DOCUMENTATION_COMMENTS = YES;
				CLANG_WARN_EMPTY_BODY = YES;
				CLANG_WARN_ENUM_CONVERSION = YES;
				CLANG_WARN_INFINITE_RECURSION = YES;
				CLANG_WARN_INT_CONVERSION = YES;
				CLANG_WARN_NON_LITERAL_NULL_CONVERSION = YES;
				CLANG_WARN_OBJC_IMPLICIT_RETAIN_SELF = YES;
				CLANG_WARN_OBJC_LITERAL_CONVERSION = YES;
				CLANG_WARN_OBJC_ROOT_CLASS = YES_ERROR;
				CLANG_WARN_RANGE_LOOP_ANALYSIS = YES;
				CLANG_WARN_STRICT_PROTOTYPES = YES;
				CLANG_WARN_SUSPICIOUS_MOVE = YES;
				CLANG_WARN_UNGUARDED_AVAILABILITY = YES_AGGRESSIVE;
				CLANG_WARN_UNREACHABLE_CODE = YES;
				CLANG_WARN__DUPLICATE_METHOD_MATCH = YES;
				CODE_SIGN_IDENTITY = "iPhone Developer";
				COPY_PHASE_STRIP = NO;
				DEBUG_INFORMATION_FORMAT = "dwarf-with-dsym";
				ENABLE_NS_ASSERTIONS = NO;
				ENABLE_STRICT_OBJC_MSGSEND = YES;
				GCC_C_LANGUAGE_STANDARD = gnu11;
				GCC_NO_COMMON_BLOCKS = YES;
				GCC_WARN_64_TO_32_BIT_CONVERSION = YES;
				GCC_WARN_ABOUT_RETURN_TYPE = YES_ERROR;
				GCC_WARN_UNDECLARED_SELECTOR = YES;
				GCC_WARN_UNINITIALIZED_AUTOS = YES_AGGRESSIVE;
				GCC_WARN_UNUSED_FUNCTION = YES;
				GCC_WARN_UNUSED_VARIABLE = YES;
				IPHONEOS_DEPLOYMENT_TARGET = 11.4;
				MTL_ENABLE_DEBUG_INFO = NO;
				SDKROOT = iphoneos;
				SWIFT_COMPILATION_MODE = wholemodule;
				SWIFT_OPTIMIZATION_LEVEL = "-O";
				VALIDATE_PRODUCT = YES;
			};
			name = Release;
		};
		8F1A8EA120F8643B000DF4B4 /* Debug */ = {
			isa = XCBuildConfiguration;
			buildSettings = {
				ASSETCATALOG_COMPILER_APPICON_NAME = AppIcon;
				CODE_SIGN_STYLE = Automatic;
				DEVELOPMENT_TEAM = DPF2ETUA8R;
				INFOPLIST_FILE = Test3/Info.plist;
				LD_RUNPATH_SEARCH_PATHS = (
					"$(inherited)",
					"@executable_path/Frameworks",
				);
				PRODUCT_BUNDLE_IDENTIFIER = com.xinatorres.Test3;
				PRODUCT_NAME = "$(TARGET_NAME)";
				SWIFT_VERSION = 4.0;
				TARGETED_DEVICE_FAMILY = "1,2";
			};
			name = Debug;
		};
		8F1A8EA220F8643B000DF4B4 /* Release */ = {
			isa = XCBuildConfiguration;
			buildSettings = {
				ASSETCATALOG_COMPILER_APPICON_NAME = AppIcon;
				CODE_SIGN_STYLE = Automatic;
				DEVELOPMENT_TEAM = DPF2ETUA8R;
				INFOPLIST_FILE = Test3/Info.plist;
				LD_RUNPATH_SEARCH_PATHS = (
					"$(inherited)",
					"@executable_path/Frameworks",
				);
				PRODUCT_BUNDLE_IDENTIFIER = com.xinatorres.Test3;
				PRODUCT_NAME = "$(TARGET_NAME)";
				SWIFT_VERSION = 4.0;
				TARGETED_DEVICE_FAMILY = "1,2";
			};
			name = Release;
		};
/* End XCBuildConfiguration section */

/* Begin XCConfigurationList section */
		8F1A8E8920F86439000DF4B4 /* Build configuration list for PBXProject "Test3" */ = {
			isa = XCConfigurationList;
			buildConfigurations = (
				8F1A8E9E20F8643B000DF4B4 /* Debug */,
				8F1A8E9F20F8643B000DF4B4 /* Release */,
			);
			defaultConfigurationIsVisible = 0;
			defaultConfigurationName = Release;
		};
		8F1A8EA020F8643B000DF4B4 /* Build configuration list for PBXNativeTarget "Test3" */ = {
			isa = XCConfigurationList;
			buildConfigurations = (
				8F1A8EA120F8643B000DF4B4 /* Debug */,
				8F1A8EA220F8643B000DF4B4 /* Release */,
			);
			defaultConfigurationIsVisible = 0;
			defaultConfigurationName = Release;
		};
/* End XCConfigurationList section */
	};
	rootObject = 8F1A8E8620F86439000DF4B4 /* Project object */;
}
